
Microsoft Visual Studio Solution File, Format Version 12.00
# Visual Studio 15
VisualStudioVersion = 15.0.27428.2011
MinimumVisualStudioVersion = 10.0.40219.1
Project("{FAE04EC0-301F-11D3-BF4B-00C04F79EFBC}") = "CreditcardValidator", "CreditcardValidator\CreditcardValidator.csproj", "{77526BDB-9B4D-4F7F-BCED-01AD3B44E6FB}"
EndProject
Project("{FAE04EC0-301F-11D3-BF4B-00C04F79EFBC}") = "CreditcardValidator.Test.Unit", "CreditcardValidator.Test.Unit\CreditcardValidator.Test.Unit.csproj", "{5EAC7B87-D4EC-42BA-963F-82283B0D5AF0}"
EndProject
Global
	GlobalSection(SolutionConfigurationPlatforms) = preSolution
		Debug|Any CPU = Debug|Any CPU
		Release|Any CPU = Release|Any CPU
	EndGlobalSection
	GlobalSection(ProjectConfigurationPlatforms) = postSolution
		{77526BDB-9B4D-4F7F-BCED-01AD3B44E6FB}.Debug|Any CPU.ActiveCfg = Debug|Any CPU
		{77526BDB-9B4D-4F7F-BCED-01AD3B44E6FB}.Debug|Any CPU.Build.0 = Debug|Any CPU
		{77526BDB-9B4D-4F7F-BCED-01AD3B44E6FB}.Release|Any CPU.ActiveCfg = Release|Any CPU
		{77526BDB-9B4D-4F7F-BCED-01AD3B44E6FB}.Release|Any CPU.Build.0 = Release|Any CPU
		{5EAC7B87-D4EC-42BA-963F-82283B0D5AF0}.Debug|Any CPU.ActiveCfg = Debug|Any CPU
		{5EAC7B87-D4EC-42BA-963F-82283B0D5AF0}.Debug|Any CPU.Build.0 = Debug|Any CPU
		{5EAC7B87-D4EC-42BA-963F-82283B0D5AF0}.Release|Any CPU.ActiveCfg = Release|Any CPU
		{5EAC7B87-D4EC-42BA-963F-82283B0D5AF0}.Release|Any CPU.Build.0 = Release|Any CPU
	EndGlobalSection
	GlobalSection(SolutionProperties) = preSolution
		HideSolutionNode = FALSE
	EndGlobalSection
	GlobalSection(ExtensibilityGlobals) = postSolution
		SolutionGuid = {00D53FD2-C3F3-4C33-9633-CC315F243396}
	EndGlobalSection
EndGlobal
